<?xml version="1.0" encoding="utf-8"?>
<Project ToolsVersion="4.0" xmlns="http://schemas.microsoft.com/developer/msbuild/2003">
  <ItemGroup>
    <Filter Include="Source Files">
      <UniqueIdentifier>{4FC737F1-C7A5-4376-A066-2A32D752A2FF}</UniqueIdentifier>
      <Extensions>cpp;c;cc;cxx;c++;cppm;ixx;def;odl;idl;hpj;bat;asm;asmx</Extensions>
    </Filter>
    <Filter Include="Header Files">
      <UniqueIdentifier>{93995380-89BD-4b04-88EB-625FBE52EBFB}</UniqueIdentifier>
      <Extensions>h;hh;hpp;hxx;h++;hm;inl;inc;ipp;xsd</Extensions>
    </Filter>
    <Filter Include="Resource Files">
      <UniqueIdentifier>{67DA6AB6-F800-4c08-8B7A-83BB121AAD01}</UniqueIdentifier>
      <Extensions>rc;ico;cur;bmp;dlg;rc2;rct;bin;rgs;gif;jpg;jpeg;jpe;resx;tiff;tif;png;wav;mfcribbon-ms</Extensions>
    </Filter>
  </ItemGroup>
  <ItemGroup>
    <ClInclude Include="bin\dependencies\opengl\Glad\glad.h">
      <Filter>Header Files</Filter>
    </ClInclude>
    <ClInclude Include="bin\dependencies\stb\stb_image.h">
      <Filter>Header Files</Filter>
    </ClInclude>
    <ClInclude Include="bin\dependencies\opengl\GLFW3\glfw3native.h">
      <Filter>Header Files</Filter>
    </ClInclude>
    <ClInclude Include="bin\dependencies\opengl\GLFW3\glfw3.h">
      <Filter>Header Files</Filter>
    </ClInclude>
    <ClInclude Include="bin\dependencies\opengl\Glad\khrplatform.h">
      <Filter>Header Files</Filter>
    </ClInclude>
    <ClInclude Include="bin\dependencies\opengl\glm\common.hpp">
      <Filter>Header Files</Filter>
    </ClInclude>
    <ClInclude Include="bin\dependencies\opengl\glm\exponential.hpp">
      <Filter>Header Files</Filter>
    </ClInclude>
    <ClInclude Include="bin\dependencies\opengl\glm\ext.hpp">
      <Filter>Header Files</Filter>
    </ClInclude>
    <ClInclude Include="bin\dependencies\opengl\glm\fwd.hpp">
      <Filter>Header Files</Filter>
    </ClInclude>
    <ClInclude Include="bin\dependencies\opengl\glm\geometric.hpp">
      <Filter>Header Files</Filter>
    </ClInclude>
    <ClInclude Include="bin\dependencies\opengl\glm\glm.hpp">
      <Filter>Header Files</Filter>
    </ClInclude>
    <ClInclude Include="bin\dependencies\opengl\glm\integer.hpp">
      <Filter>Header Files</Filter>
    </ClInclude>
    <ClInclude Include="bin\dependencies\opengl\glm\mat2x2.hpp">
      <Filter>Header Files</Filter>
    </ClInclude>
    <ClInclude Include="bin\dependencies\opengl\glm\mat2x3.hpp">
      <Filter>Header Files</Filter>
    </ClInclude>
    <ClInclude Include="bin\dependencies\opengl\glm\mat2x4.hpp">
      <Filter>Header Files</Filter>
    </ClInclude>
    <ClInclude Include="bin\dependencies\opengl\glm\mat3x2.hpp">
      <Filter>Header Files</Filter>
    </ClInclude>
    <ClInclude Include="bin\dependencies\opengl\glm\mat3x3.hpp">
      <Filter>Header Files</Filter>
    </ClInclude>
    <ClInclude Include="bin\dependencies\opengl\glm\mat3x4.hpp">
      <Filter>Header Files</Filter>
    </ClInclude>
    <ClInclude Include="bin\dependencies\opengl\glm\mat4x2.hpp">
      <Filter>Header Files</Filter>
    </ClInclude>
    <ClInclude Include="bin\dependencies\opengl\glm\mat4x3.hpp">
      <Filter>Header Files</Filter>
    </ClInclude>
    <ClInclude Include="bin\dependencies\opengl\glm\mat4x4.hpp">
      <Filter>Header Files</Filter>
    </ClInclude>
    <ClInclude Include="bin\dependencies\opengl\glm\matrix.hpp">
      <Filter>Header Files</Filter>
    </ClInclude>
    <ClInclude Include="bin\dependencies\opengl\glm\packing.hpp">
      <Filter>Header Files</Filter>
    </ClInclude>
    <ClInclude Include="bin\dependencies\opengl\glm\trigonometric.hpp">
      <Filter>Header Files</Filter>
    </ClInclude>
    <ClInclude Include="bin\dependencies\opengl\glm\vec2.hpp">
      <Filter>Header Files</Filter>
    </ClInclude>
    <ClInclude Include="bin\dependencies\opengl\glm\vec3.hpp">
      <Filter>Header Files</Filter>
    </ClInclude>
    <ClInclude Include="bin\dependencies\opengl\glm\vec4.hpp">
      <Filter>Header Files</Filter>
    </ClInclude>
    <ClInclude Include="bin\dependencies\opengl\glm\vector_relational.hpp">
      <Filter>Header Files</Filter>
    </ClInclude>
    <ClInclude Include="bin\dependencies\opengl\glm\gtc\bitfield.hpp">
      <Filter>Header Files</Filter>
    </ClInclude>
    <ClInclude Include="bin\dependencies\opengl\glm\gtc\color_space.hpp">
      <Filter>Header Files</Filter>
    </ClInclude>
    <ClInclude Include="bin\dependencies\opengl\glm\gtc\constants.hpp">
      <Filter>Header Files</Filter>
    </ClInclude>
    <ClInclude Include="bin\dependencies\opengl\glm\gtc\epsilon.hpp">
      <Filter>Header Files</Filter>
    </ClInclude>
    <ClInclude Include="bin\dependencies\opengl\glm\gtc\integer.hpp">
      <Filter>Header Files</Filter>
    </ClInclude>
    <ClInclude Include="bin\dependencies\opengl\glm\gtc\matrix_access.hpp">
      <Filter>Header Files</Filter>
    </ClInclude>
    <ClInclude Include="bin\dependencies\opengl\glm\gtc\matrix_integer.hpp">
      <Filter>Header Files</Filter>
    </ClInclude>
    <ClInclude Include="bin\dependencies\opengl\glm\gtc\matrix_inverse.hpp">
      <Filter>Header Files</Filter>
    </ClInclude>
    <ClInclude Include="bin\dependencies\opengl\glm\gtc\matrix_transform.hpp">
      <Filter>Header Files</Filter>
    </ClInclude>
    <ClInclude Include="bin\dependencies\opengl\glm\gtc\noise.hpp">
      <Filter>Header Files</Filter>
    </ClInclude>
    <ClInclude Include="bin\dependencies\opengl\glm\gtc\packing.hpp">
      <Filter>Header Files</Filter>
    </ClInclude>
    <ClInclude Include="bin\dependencies\opengl\glm\gtc\quaternion.hpp">
      <Filter>Header Files</Filter>
    </ClInclude>
    <ClInclude Include="bin\dependencies\opengl\glm\gtc\random.hpp">
      <Filter>Header Files</Filter>
    </ClInclude>
    <ClInclude Include="bin\dependencies\opengl\glm\gtc\reciprocal.hpp">
      <Filter>Header Files</Filter>
    </ClInclude>
    <ClInclude Include="bin\dependencies\opengl\glm\gtc\round.hpp">
      <Filter>Header Files</Filter>
    </ClInclude>
    <ClInclude Include="bin\dependencies\opengl\glm\gtc\type_aligned.hpp">
      <Filter>Header Files</Filter>
    </ClInclude>
    <ClInclude Include="bin\dependencies\opengl\glm\gtc\type_precision.hpp">
      <Filter>Header Files</Filter>
    </ClInclude>
    <ClInclude Include="bin\dependencies\opengl\glm\gtc\type_ptr.hpp">
      <Filter>Header Files</Filter>
    </ClInclude>
    <ClInclude Include="bin\dependencies\opengl\glm\gtc\ulp.hpp">
      <Filter>Header Files</Filter>
    </ClInclude>
    <ClInclude Include="bin\dependencies\opengl\glm\gtc\vec1.hpp">
      <Filter>Header Files</Filter>
    </ClInclude>
    <ClInclude Include="include\gearworks.h">
      <Filter>Header Files</Filter>
    </ClInclude>
    <ClInclude Include="source\lib\rendering\renderer\r_renderer.h">
      <Filter>Header Files</Filter>
    </ClInclude>
    <ClInclude Include="source\lib\rendering\shader\r_shader.h">
      <Filter>Header Files</Filter>
    </ClInclude>
    <ClInclude Include="source\lib\rendering\texture\r_texture.h">
      <Filter>Header Files</Filter>
    </ClInclude>
    <ClInclude Include="source\lib\rendering\window\r_window.h">
      <Filter>Header Files</Filter>
    </ClInclude>
    <ClInclude Include="source\lib\rendering\bufferobjs\r_bufferobjs.h">
      <Filter>Header Files</Filter>
    </ClInclude>
    <ClInclude Include="source\lib\rendering\bufferobjs\indiv\inl_r_bufferobjs_vbo.h">
      <Filter>Header Files</Filter>
    </ClInclude>
    <ClInclude Include="source\lib\rendering\bufferobjs\indiv\inl_r_bufferobjs_vao.h">
      <Filter>Header Files</Filter>
    </ClInclude>
    <ClInclude Include="source\lib\rendering\bufferobjs\indiv\inl_r_bufferobjs_ibo.h">
      <Filter>Header Files</Filter>
    </ClInclude>
    <ClInclude Include="source\lib\userdef\engine\u_engine.h">
      <Filter>Header Files</Filter>
    </ClInclude>
    <ClInclude Include="source\lib\userdef\gwehaviour\u_gwehaviour.h">
      <Filter>Header Files</Filter>
    </ClInclude>
    <ClInclude Include="source\lib\input\i_input.h">
      <Filter>Header Files</Filter>
    </ClInclude>
    <ClInclude Include="source\lib\presets\2dim\rectangle\p2d_rectangle.h">
      <Filter>Header Files</Filter>
    </ClInclude>
    <ClInclude Include="source\lib\presets\2dim\default\p2d_def.h">
      <Filter>Header Files</Filter>
    </ClInclude>
    <ClInclude Include="source\lib\presets\2dim\triangle\p2d_triangle.h">
      <Filter>Header Files</Filter>
    </ClInclude>
    <ClInclude Include="source\lib\prepro.h">
      <Filter>Header Files</Filter>
    </ClInclude>
    <ClInclude Include="source\lib\utility\inl_ut_utility.h">
      <Filter>Header Files</Filter>
    </ClInclude>
    <ClInclude Include="source\lib\alias.h">
      <Filter>Header Files</Filter>
    </ClInclude>
  </ItemGroup>
  <ItemGroup>
    <ClCompile Include="source\lib\rendering\renderer\imp_r_renderer.cpp">
      <Filter>Source Files</Filter>
    </ClCompile>
    <ClCompile Include="source\lib\input\imp_i_input.cpp">
      <Filter>Source Files</Filter>
    </ClCompile>
    <ClCompile Include="bin\dependencies\opengl\Glad\glad.c">
      <Filter>Source Files</Filter>
    </ClCompile>
    <ClCompile Include="source\lib\userdef\engine\imp_u_engine.cpp">
      <Filter>Source Files</Filter>
    </ClCompile>
    <ClCompile Include="source\lib\presets\2dim\rectangle\imp_p2d_rectangle.cpp">
      <Filter>Source Files</Filter>
    </ClCompile>
    <ClCompile Include="bin\dependencies\stb\stb_image.c">
      <Filter>Source Files</Filter>
    </ClCompile>
    <ClCompile Include="source\lib\rendering\shader\imp_r_shader.cpp">
      <Filter>Source Files</Filter>
    </ClCompile>
    <ClCompile Include="source\lib\rendering\texture\imp_r_texture.cpp">
      <Filter>Source Files</Filter>
    </ClCompile>
    <ClCompile Include="source\lib\rendering\window\imp_r_window.cpp">
      <Filter>Source Files</Filter>
    </ClCompile>
    <ClCompile Include="source\lib\userdef\gwehaviour\imp_u_gwehaviour.cpp">
      <Filter>Source Files</Filter>
    </ClCompile>
    <ClCompile Include="source\lib\presets\2dim\default\imp_p2d_def.cpp">
      <Filter>Source Files</Filter>
    </ClCompile>
    <ClCompile Include="source\lib\presets\2dim\triangle\imp_p2d_triangle.cpp">
      <Filter>Source Files</Filter>
    </ClCompile>
  </ItemGroup>
  <ItemGroup>
    <None Include="bin\dependencies\opengl\glm\gtc\bitfield.inl">
      <Filter>Header Files</Filter>
    </None>
    <None Include="bin\dependencies\opengl\glm\gtc\color_space.inl">
      <Filter>Header Files</Filter>
    </None>
    <None Include="bin\dependencies\opengl\glm\gtc\constants.inl">
      <Filter>Header Files</Filter>
    </None>
    <None Include="bin\dependencies\opengl\glm\gtc\epsilon.inl">
      <Filter>Header Files</Filter>
    </None>
    <None Include="bin\dependencies\opengl\glm\gtc\integer.inl">
      <Filter>Header Files</Filter>
    </None>
    <None Include="bin\dependencies\opengl\glm\gtc\matrix_access.inl">
      <Filter>Header Files</Filter>
    </None>
    <None Include="bin\dependencies\opengl\glm\gtc\matrix_inverse.inl">
      <Filter>Header Files</Filter>
    </None>
    <None Include="bin\dependencies\opengl\glm\gtc\matrix_transform.inl">
      <Filter>Header Files</Filter>
    </None>
    <None Include="bin\dependencies\opengl\glm\gtc\noise.inl">
      <Filter>Header Files</Filter>
    </None>
    <None Include="bin\dependencies\opengl\glm\gtc\packing.inl">
      <Filter>Header Files</Filter>
    </None>
    <None Include="bin\dependencies\opengl\glm\gtc\quaternion.inl">
      <Filter>Header Files</Filter>
    </None>
    <None Include="bin\dependencies\opengl\glm\gtc\quaternion_simd.inl">
      <Filter>Header Files</Filter>
    </None>
    <None Include="bin\dependencies\opengl\glm\gtc\random.inl">
      <Filter>Header Files</Filter>
    </None>
    <None Include="bin\dependencies\opengl\glm\gtc\reciprocal.inl">
      <Filter>Header Files</Filter>
    </None>
    <None Include="bin\dependencies\opengl\glm\gtc\round.inl">
      <Filter>Header Files</Filter>
    </None>
    <None Include="bin\dependencies\opengl\glm\gtc\type_precision.inl">
      <Filter>Header Files</Filter>
    </None>
    <None Include="bin\dependencies\opengl\glm\gtc\type_ptr.inl">
      <Filter>Header Files</Filter>
    </None>
    <None Include="bin\dependencies\opengl\glm\gtc\ulp.inl">
      <Filter>Header Files</Filter>
    </None>
  </ItemGroup>
  <ItemGroup>
    <Library Include="bin\dependencies\opengl\GLFW3\glfw3.lib" />
  </ItemGroup>
</Project>