<?xml version="1.0" encoding="utf-8"?>
<Project ToolsVersion="4.0" xmlns="http://schemas.microsoft.com/developer/msbuild/2003">
  <ItemGroup>
    <Filter Include="Source Files">
      <UniqueIdentifier>{4FC737F1-C7A5-4376-A066-2A32D752A2FF}</UniqueIdentifier>
      <Extensions>cpp;c;cc;cxx;c++;cppm;ixx;def;odl;idl;hpj;bat;asm;asmx</Extensions>
    </Filter>
    <Filter Include="Header Files">
      <UniqueIdentifier>{93995380-89BD-4b04-88EB-625FBE52EBFB}</UniqueIdentifier>
      <Extensions>h;hh;hpp;hxx;h++;hm;inl;inc;ipp;xsd</Extensions>
    </Filter>
    <Filter Include="Resource Files">
      <UniqueIdentifier>{67DA6AB6-F800-4c08-8B7A-83BB121AAD01}</UniqueIdentifier>
      <Extensions>rc;ico;cur;bmp;dlg;rc2;rct;bin;rgs;gif;jpg;jpeg;jpe;resx;tiff;tif;png;wav;mfcribbon-ms</Extensions>
    </Filter>
  </ItemGroup>
  <ItemGroup>
    <ClCompile Include="source\lib\process\win32_process_main.cpp">
      <Filter>Source Files</Filter>
    </ClCompile>
    <ClCompile Include="source\lib\engine\rendering\.main\imp_renderpl.cpp">
      <Filter>Source Files</Filter>
    </ClCompile>
    <ClCompile Include="bin\vendor\v_include\opengl\Glad\glad.c">
      <Filter>Source Files</Filter>
    </ClCompile>
    <ClCompile Include="source\lib\engine\rendering\shader_interpretation\imp_shader_mgmt.cpp">
      <Filter>Source Files</Filter>
    </ClCompile>
    <ClCompile Include="source\lib\engine\.main\imp_engine.cpp">
      <Filter>Source Files</Filter>
    </ClCompile>
    <ClCompile Include="source\lib\engine\textures\imp_texture_2d.cpp">
      <Filter>Source Files</Filter>
    </ClCompile>
    <ClCompile Include="bin\vendor\v_include\stb\stb_image.c">
      <Filter>Source Files</Filter>
    </ClCompile>
  </ItemGroup>
  <ItemGroup>
    <ClInclude Include="source\headers\gearworks.h">
      <Filter>Header Files</Filter>
    </ClInclude>
    <ClInclude Include="source\headers\opengl_pack.h">
      <Filter>Header Files</Filter>
    </ClInclude>
    <ClInclude Include="source\lib\engine\rendering\.main\renderpl.h">
      <Filter>Header Files</Filter>
    </ClInclude>
    <ClInclude Include="source\lib\engine\utility\utils.h">
      <Filter>Header Files</Filter>
    </ClInclude>
    <ClInclude Include="source\lib\engine\rendering\shader_interpretation\shader_mgmt.h">
      <Filter>Header Files</Filter>
    </ClInclude>
    <ClInclude Include="source\lib\engine\.main\engine.h">
      <Filter>Header Files</Filter>
    </ClInclude>
    <ClInclude Include="source\lib\engine\rendering\gl_buffer_objs\inl_vao.h">
      <Filter>Header Files</Filter>
    </ClInclude>
    <ClInclude Include="source\lib\engine\rendering\gl_buffer_objs\inl_vbo.h">
      <Filter>Header Files</Filter>
    </ClInclude>
    <ClInclude Include="source\lib\engine\rendering\gl_buffer_objs\inl_ibo.h">
      <Filter>Header Files</Filter>
    </ClInclude>
    <ClInclude Include="source\lib\engine\rendering\primitives\inl_triangle_primitive.h">
      <Filter>Header Files</Filter>
    </ClInclude>
    <ClInclude Include="source\lib\engine\rendering\primitives\inl_rectangle_primitive.h">
      <Filter>Header Files</Filter>
    </ClInclude>
    <ClInclude Include="source\lib\engine\textures\texture_2d.h">
      <Filter>Header Files</Filter>
    </ClInclude>
    <ClInclude Include="bin\vendor\v_include\stb\stb_image.h">
      <Filter>Header Files</Filter>
    </ClInclude>
    <ClInclude Include="bin\vendor\v_include\opengl\Glad\glad.h">
      <Filter>Header Files</Filter>
    </ClInclude>
  </ItemGroup>
  <ItemGroup>
    <None Include="resources\shaders\vert.glsl" />
    <None Include="resources\shaders\frag.glsl" />
  </ItemGroup>
  <ItemGroup>
    <Image Include="resources\textures\crate.png">
      <Filter>Resource Files</Filter>
    </Image>
    <Image Include="resources\textures\wall.jpeg">
      <Filter>Resource Files</Filter>
    </Image>
  </ItemGroup>
</Project>